{
  "name": "json-doc-stream",
  "version": "1.0.0",
  "lockfileVersion": 1,
  "requires": true,
  "dependencies": {
    "clarinet": {
      "version": "0.12.0",
      "resolved": "https://registry.npmjs.org/clarinet/-/clarinet-0.12.0.tgz",
      "integrity": "sha1-AB0X4iEkpi2xsXTZODQg/8kzrq8="
    }
  }
}
